// !$*UTF8*$!
{
	archiveVersion = 1;
	classes = {
	};
	objectVersion = 50;
	objects = {

/* Begin PBXBuildFile section */
		6F953CB024044EF800B92481 /* AppDelegate.swift in Sources */ = {isa = PBXBuildFile; fileRef = 6F953CAF24044EF800B92481 /* AppDelegate.swift */; };
		6F953CB224044EF800B92481 /* SceneDelegate.swift in Sources */ = {isa = PBXBuildFile; fileRef = 6F953CB124044EF800B92481 /* SceneDelegate.swift */; };
		6F953CB424044EF800B92481 /* ViewController.swift in Sources */ = {isa = PBXBuildFile; fileRef = 6F953CB324044EF800B92481 /* ViewController.swift */; };
		6F953CB724044EF800B92481 /* Main.storyboard in Resources */ = {isa = PBXBuildFile; fileRef = 6F953CB524044EF800B92481 /* Main.storyboard */; };
		6F953CB924044EFB00B92481 /* Assets.xcassets in Resources */ = {isa = PBXBuildFile; fileRef = 6F953CB824044EFB00B92481 /* Assets.xcassets */; };
		6F953CBC24044EFB00B92481 /* LaunchScreen.storyboard in Resources */ = {isa = PBXBuildFile; fileRef = 6F953CBA24044EFB00B92481 /* LaunchScreen.storyboard */; };
		6F953CC724044EFB00B92481 /* SktnProjectTests.swift in Sources */ = {isa = PBXBuildFile; fileRef = 6F953CC624044EFB00B92481 /* SktnProjectTests.swift */; };
		6F953CD224044EFB00B92481 /* SktnProjectUITests.swift in Sources */ = {isa = PBXBuildFile; fileRef = 6F953CD124044EFB00B92481 /* SktnProjectUITests.swift */; };
/* End PBXBuildFile section */

/* Begin PBXContainerItemProxy section */
		6F953CC324044EFB00B92481 /* PBXContainerItemProxy */ = {
			isa = PBXContainerItemProxy;
			containerPortal = 6F953CA424044EF700B92481 /* Project object */;
			proxyType = 1;
			remoteGlobalIDString = 6F953CAB24044EF800B92481;
			remoteInfo = SktnProject;
		};
		6F953CCE24044EFB00B92481 /* PBXContainerItemProxy */ = {
			isa = PBXContainerItemProxy;
			containerPortal = 6F953CA424044EF700B92481 /* Project object */;
			proxyType = 1;
			remoteGlobalIDString = 6F953CAB24044EF800B92481;
			remoteInfo = SktnProject;
		};
/* End PBXContainerItemProxy section */

/* Begin PBXFileReference section */
		6F953CAC24044EF800B92481 /* SktnProject.app */ = {isa = PBXFileReference; explicitFileType = wrapper.application; includeInIndex = 0; path = SktnProject.app; sourceTree = BUILT_PRODUCTS_DIR; };
		6F953CAF24044EF800B92481 /* AppDelegate.swift */ = {isa = PBXFileReference; lastKnownFileType = sourcecode.swift; path = AppDelegate.swift; sourceTree = "<group>"; };
		6F953CB124044EF800B92481 /* SceneDelegate.swift */ = {isa = PBXFileReference; lastKnownFileType = sourcecode.swift; path = SceneDelegate.swift; sourceTree = "<group>"; };
		6F953CB324044EF800B92481 /* ViewController.swift */ = {isa = PBXFileReference; lastKnownFileType = sourcecode.swift; path = ViewController.swift; sourceTree = "<group>"; };
		6F953CB624044EF800B92481 /* Base */ = {isa = PBXFileReference; lastKnownFileType = file.storyboard; name = Base; path = Base.lproj/Main.storyboard; sourceTree = "<group>"; };
		6F953CB824044EFB00B92481 /* Assets.xcassets */ = {isa = PBXFileReference; lastKnownFileType = folder.assetcatalog; path = Assets.xcassets; sourceTree = "<group>"; };
		6F953CBB24044EFB00B92481 /* Base */ = {isa = PBXFileReference; lastKnownFileType = file.storyboard; name = Base; path = Base.lproj/LaunchScreen.storyboard; sourceTree = "<group>"; };
		6F953CBD24044EFB00B92481 /* Info.plist */ = {isa = PBXFileReference; lastKnownFileType = text.plist.xml; path = Info.plist; sourceTree = "<group>"; };
		6F953CC224044EFB00B92481 /* SktnProjectTests.xctest */ = {isa = PBXFileReference; explicitFileType = wrapper.cfbundle; includeInIndex = 0; path = SktnProjectTests.xctest; sourceTree = BUILT_PRODUCTS_DIR; };
		6F953CC624044EFB00B92481 /* SktnProjectTests.swift */ = {isa = PBXFileReference; lastKnownFileType = sourcecode.swift; path = SktnProjectTests.swift; sourceTree = "<group>"; };
		6F953CC824044EFB00B92481 /* Info.plist */ = {isa = PBXFileReference; lastKnownFileType = text.plist.xml; path = Info.plist; sourceTree = "<group>"; };
		6F953CCD24044EFB00B92481 /* SktnProjectUITests.xctest */ = {isa = PBXFileReference; explicitFileType = wrapper.cfbundle; includeInIndex = 0; path = SktnProjectUITests.xctest; sourceTree = BUILT_PRODUCTS_DIR; };
		6F953CD124044EFB00B92481 /* SktnProjectUITests.swift */ = {isa = PBXFileReference; lastKnownFileType = sourcecode.swift; path = SktnProjectUITests.swift; sourceTree = "<group>"; };
		6F953CD324044EFB00B92481 /* Info.plist */ = {isa = PBXFileReference; lastKnownFileType = text.plist.xml; path = Info.plist; sourceTree = "<group>"; };
/* End PBXFileReference section */

/* Begin PBXFrameworksBuildPhase section */
		6F953CA924044EF800B92481 /* Frameworks */ = {
			isa = PBXFrameworksBuildPhase;
			buildActionMask = 2147483647;
			files = (
			);
			runOnlyForDeploymentPostprocessing = 0;
		};
		6F953CBF24044EFB00B92481 /* Frameworks */ = {
			isa = PBXFrameworksBuildPhase;
			buildActionMask = 2147483647;
			files = (
			);
			runOnlyForDeploymentPostprocessing = 0;
		};
		6F953CCA24044EFB00B92481 /* Frameworks */ = {
			isa = PBXFrameworksBuildPhase;
			buildActionMask = 2147483647;
			files = (
			);
			runOnlyForDeploymentPostprocessing = 0;
		};
/* End PBXFrameworksBuildPhase section */

/* Begin PBXGroup section */
		6F953CA324044EF700B92481 = {
			isa = PBXGroup;
			children = (
				6F953CAE24044EF800B92481 /* SktnProject */,
				6F953CC524044EFB00B92481 /* SktnProjectTests */,
				6F953CD024044EFB00B92481 /* SktnProjectUITests */,
				6F953CAD24044EF800B92481 /* Products */,
			);
			sourceTree = "<group>";
		};
		6F953CAD24044EF800B92481 /* Products */ = {
			isa = PBXGroup;
			children = (
				6F953CAC24044EF800B92481 /* SktnProject.app */,
				6F953CC224044EFB00B92481 /* SktnProjectTests.xctest */,
				6F953CCD24044EFB00B92481 /* SktnProjectUITests.xctest */,
			);
			name = Products;
			sourceTree = "<group>";
		};
		6F953CAE24044EF800B92481 /* SktnProject */ = {
			isa = PBXGroup;
			children = (
				6F953CAF24044EF800B92481 /* AppDelegate.swift */,
				6F953CB124044EF800B92481 /* SceneDelegate.swift */,
				6F953CB324044EF800B92481 /* ViewController.swift */,
				6F953CB524044EF800B92481 /* Main.storyboard */,
				6F953CB824044EFB00B92481 /* Assets.xcassets */,
				6F953CBA24044EFB00B92481 /* LaunchScreen.storyboard */,
				6F953CBD24044EFB00B92481 /* Info.plist */,
			);
			path = SktnProject;
			sourceTree = "<group>";
		};
		6F953CC524044EFB00B92481 /* SktnProjectTests */ = {
			isa = PBXGroup;
			children = (
				6F953CC624044EFB00B92481 /* SktnProjectTests.swift */,
				6F953CC824044EFB00B92481 /* Info.plist */,
			);
			path = SktnProjectTests;
			sourceTree = "<group>";
		};
		6F953CD024044EFB00B92481 /* SktnProjectUITests */ = {
			isa = PBXGroup;
			children = (
				6F953CD124044EFB00B92481 /* SktnProjectUITests.swift */,
				6F953CD324044EFB00B92481 /* Info.plist */,
			);
			path = SktnProjectUITests;
			sourceTree = "<group>";
		};
/* End PBXGroup section */

/* Begin PBXNativeTarget section */
		6F953CAB24044EF800B92481 /* SktnProject */ = {
			isa = PBXNativeTarget;
			buildConfigurationList = 6F953CD624044EFB00B92481 /* Build configuration list for PBXNativeTarget "SktnProject" */;
			buildPhases = (
				6F953CA824044EF800B92481 /* Sources */,
				6F953CA924044EF800B92481 /* Frameworks */,
				6F953CAA24044EF800B92481 /* Resources */,
			);
			buildRules = (
			);
			dependencies = (
			);
			name = SktnProject;
			productName = SktnProject;
			productReference = 6F953CAC24044EF800B92481 /* SktnProject.app */;
			productType = "com.apple.product-type.application";
		};
		6F953CC124044EFB00B92481 /* SktnProjectTests */ = {
			isa = PBXNativeTarget;
			buildConfigurationList = 6F953CD924044EFB00B92481 /* Build configuration list for PBXNativeTarget "SktnProjectTests" */;
			buildPhases = (
				6F953CBE24044EFB00B92481 /* Sources */,
				6F953CBF24044EFB00B92481 /* Frameworks */,
				6F953CC024044EFB00B92481 /* Resources */,
			);
			buildRules = (
			);
			dependencies = (
				6F953CC424044EFB00B92481 /* PBXTargetDependency */,
			);
			name = SktnProjectTests;
			productName = SktnProjectTests;
			productReference = 6F953CC224044EFB00B92481 /* SktnProjectTests.xctest */;
			productType = "com.apple.product-type.bundle.unit-test";
		};
		6F953CCC24044EFB00B92481 /* SktnProjectUITests */ = {
			isa = PBXNativeTarget;
			buildConfigurationList = 6F953CDC24044EFB00B92481 /* Build configuration list for PBXNativeTarget "SktnProjectUITests" */;
			buildPhases = (
				6F953CC924044EFB00B92481 /* Sources */,
				6F953CCA24044EFB00B92481 /* Frameworks */,
				6F953CCB24044EFB00B92481 /* Resources */,
			);
			buildRules = (
			);
			dependencies = (
				6F953CCF24044EFB00B92481 /* PBXTargetDependency */,
			);
			name = SktnProjectUITests;
			productName = SktnProjectUITests;
			productReference = 6F953CCD24044EFB00B92481 /* SktnProjectUITests.xctest */;
			productType = "com.apple.product-type.bundle.ui-testing";
		};
/* End PBXNativeTarget section */

/* Begin PBXProject section */
		6F953CA424044EF700B92481 /* Project object */ = {
			isa = PBXProject;
			attributes = {
				LastSwiftUpdateCheck = 1130;
				LastUpgradeCheck = 1130;
				ORGANIZATIONNAME = "Melker Lilja";
				TargetAttributes = {
					6F953CAB24044EF800B92481 = {
						CreatedOnToolsVersion = 11.3;
					};
					6F953CC124044EFB00B92481 = {
						CreatedOnToolsVersion = 11.3;
						TestTargetID = 6F953CAB24044EF800B92481;
					};
					6F953CCC24044EFB00B92481 = {
						CreatedOnToolsVersion = 11.3;
						TestTargetID = 6F953CAB24044EF800B92481;
					};
				};
			};
			buildConfigurationList = 6F953CA724044EF700B92481 /* Build configuration list for PBXProject "SktnProject" */;
			compatibilityVersion = "Xcode 9.3";
			developmentRegion = en;
			hasScannedForEncodings = 0;
			knownRegions = (
				en,
				Base,
			);
			mainGroup = 6F953CA324044EF700B92481;
			productRefGroup = 6F953CAD24044EF800B92481 /* Products */;
			projectDirPath = "";
			projectRoot = "";
			targets = (
				6F953CAB24044EF800B92481 /* SktnProject */,
				6F953CC124044EFB00B92481 /* SktnProjectTests */,
				6F953CCC24044EFB00B92481 /* SktnProjectUITests */,
			);
		};
/* End PBXProject section */

/* Begin PBXResourcesBuildPhase section */
		6F953CAA24044EF800B92481 /* Resources */ = {
			isa = PBXResourcesBuildPhase;
			buildActionMask = 2147483647;
			files = (
				6F953CBC24044EFB00B92481 /* LaunchScreen.storyboard in Resources */,
				6F953CB924044EFB00B92481 /* Assets.xcassets in Resources */,
				6F953CB724044EF800B92481 /* Main.storyboard in Resources */,
			);
			runOnlyForDeploymentPostprocessing = 0;
		};
		6F953CC024044EFB00B92481 /* Resources */ = {
			isa = PBXResourcesBuildPhase;
			buildActionMask = 2147483647;
			files = (
			);
			runOnlyForDeploymentPostprocessing = 0;
		};
		6F953CCB24044EFB00B92481 /* Resources */ = {
			isa = PBXResourcesBuildPhase;
			buildActionMask = 2147483647;
			files = (
			);
			runOnlyForDeploymentPostprocessing = 0;
		};
/* End PBXResourcesBuildPhase section */

/* Begin PBXSourcesBuildPhase section */
		6F953CA824044EF800B92481 /* Sources */ = {
			isa = PBXSourcesBuildPhase;
			buildActionMask = 2147483647;
			files = (
				6F953CB424044EF800B92481 /* ViewController.swift in Sources */,
				6F953CB024044EF800B92481 /* AppDelegate.swift in Sources */,
				6F953CB224044EF800B92481 /* SceneDelegate.swift in Sources */,
			);
			runOnlyForDeploymentPostprocessing = 0;
		};
		6F953CBE24044EFB00B92481 /* Sources */ = {
			isa = PBXSourcesBuildPhase;
			buildActionMask = 2147483647;
			files = (
				6F953CC724044EFB00B92481 /* SktnProjectTests.swift in Sources */,
			);
			runOnlyForDeploymentPostprocessing = 0;
		};
		6F953CC924044EFB00B92481 /* Sources */ = {
			isa = PBXSourcesBuildPhase;
			buildActionMask = 2147483647;
			files = (
				6F953CD224044EFB00B92481 /* SktnProjectUITests.swift in Sources */,
			);
			runOnlyForDeploymentPostprocessing = 0;
		};
/* End PBXSourcesBuildPhase section */

/* Begin PBXTargetDependency section */
		6F953CC424044EFB00B92481 /* PBXTargetDependency */ = {
			isa = PBXTargetDependency;
			target = 6F953CAB24044EF800B92481 /* SktnProject */;
			targetProxy = 6F953CC324044EFB00B92481 /* PBXContainerItemProxy */;
		};
		6F953CCF24044EFB00B92481 /* PBXTargetDependency */ = {
			isa = PBXTargetDependency;
			target = 6F953CAB24044EF800B92481 /* SktnProject */;
			targetProxy = 6F953CCE24044EFB00B92481 /* PBXContainerItemProxy */;
		};
/* End PBXTargetDependency section */

/* Begin PBXVariantGroup section */
		6F953CB524044EF800B92481 /* Main.storyboard */ = {
			isa = PBXVariantGroup;
			children = (
				6F953CB624044EF800B92481 /* Base */,
			);
			name = Main.storyboard;
			sourceTree = "<group>";
		};
		6F953CBA24044EFB00B92481 /* LaunchScreen.storyboard */ = {
			isa = PBXVariantGroup;
			children = (
				6F953CBB24044EFB00B92481 /* Base */,
			);
			name = LaunchScreen.storyboard;
			sourceTree = "<group>";
		};
/* End PBXVariantGroup section */

/* Begin XCBuildConfiguration section */
		6F953CD424044EFB00B92481 /* Debug */ = {
			isa = XCBuildConfiguration;
			buildSettings = {
				ALWAYS_SEARCH_USER_PATHS = NO;
				CLANG_ANALYZER_NONNULL = YES;
				CLANG_ANALYZER_NUMBER_OBJECT_CONVERSION = YES_AGGRESSIVE;
				CLANG_CXX_LANGUAGE_STANDARD = "gnu++14";
				CLANG_CXX_LIBRARY = "libc++";
				CLANG_ENABLE_MODULES = YES;
				CLANG_ENABLE_OBJC_ARC = YES;
				CLANG_ENABLE_OBJC_WEAK = YES;
				CLANG_WARN_BLOCK_CAPTURE_AUTORELEASING = YES;
				CLANG_WARN_BOOL_CONVERSION = YES;
				CLANG_WARN_COMMA = YES;
				CLANG_WARN_CONSTANT_CONVERSION = YES;
				CLANG_WARN_DEPRECATED_OBJC_IMPLEMENTATIONS = YES;
				CLANG_WARN_DIRECT_OBJC_ISA_USAGE = YES_ERROR;
				CLANG_WARN_DOCUMENTATION_COMMENTS = YES;
				CLANG_WARN_EMPTY_BODY = YES;
				CLANG_WARN_ENUM_CONVERSION = YES;
				CLANG_WARN_INFINITE_RECURSION = YES;
				CLANG_WARN_INT_CONVERSION = YES;
				CLANG_WARN_NON_LITERAL_NULL_CONVERSION = YES;
				CLANG_WARN_OBJC_IMPLICIT_RETAIN_SELF = YES;
				CLANG_WARN_OBJC_LITERAL_CONVERSION = YES;
				CLANG_WARN_OBJC_ROOT_CLASS = YES_ERROR;
				CLANG_WARN_RANGE_LOOP_ANALYSIS = YES;
				CLANG_WARN_STRICT_PROTOTYPES = YES;
				CLANG_WARN_SUSPICIOUS_MOVE = YES;
				CLANG_WARN_UNGUARDED_AVAILABILITY = YES_AGGRESSIVE;
				CLANG_WARN_UNREACHABLE_CODE = YES;
				CLANG_WARN__DUPLICATE_METHOD_MATCH = YES;
				COPY_PHASE_STRIP = NO;
				DEBUG_INFORMATION_FORMAT = dwarf;
				ENABLE_STRICT_OBJC_MSGSEND = YES;
				ENABLE_TESTABILITY = YES;
				GCC_C_LANGUAGE_STANDARD = gnu11;
				GCC_DYNAMIC_NO_PIC = NO;
				GCC_NO_COMMON_BLOCKS = YES;
				GCC_OPTIMIZATION_LEVEL = 0;
				GCC_PREPROCESSOR_DEFINITIONS = (
					"DEBUG=1",
					"$(inherited)",
				);
				GCC_WARN_64_TO_32_BIT_CONVERSION = YES;
				GCC_WARN_ABOUT_RETURN_TYPE = YES_ERROR;
				GCC_WARN_UNDECLARED_SELECTOR = YES;
				GCC_WARN_UNINITIALIZED_AUTOS = YES_AGGRESSIVE;
				GCC_WARN_UNUSED_FUNCTION = YES;
				GCC_WARN_UNUSED_VARIABLE = YES;
				IPHONEOS_DEPLOYMENT_TARGET = 13.2;
				MTL_ENABLE_DEBUG_INFO = INCLUDE_SOURCE;
				MTL_FAST_MATH = YES;
				ONLY_ACTIVE_ARCH = YES;
				SDKROOT = iphoneos;
				SWIFT_ACTIVE_COMPILATION_CONDITIONS = DEBUG;
				SWIFT_OPTIMIZATION_LEVEL = "-Onone";
			};
			name = Debug;
		};
		6F953CD524044EFB00B92481 /* Release */ = {
			isa = XCBuildConfiguration;
			buildSettings = {
				ALWAYS_SEARCH_USER_PATHS = NO;
				CLANG_ANALYZER_NONNULL = YES;
				CLANG_ANALYZER_NUMBER_OBJECT_CONVERSION = YES_AGGRESSIVE;
				CLANG_CXX_LANGUAGE_STANDARD = "gnu++14";
				CLANG_CXX_LIBRARY = "libc++";
				CLANG_ENABLE_MODULES = YES;
				CLANG_ENABLE_OBJC_ARC = YES;
				CLANG_ENABLE_OBJC_WEAK = YES;
				CLANG_WARN_BLOCK_CAPTURE_AUTORELEASING = YES;
				CLANG_WARN_BOOL_CONVERSION = YES;
				CLANG_WARN_COMMA = YES;
				CLANG_WARN_CONSTANT_CONVERSION = YES;
				CLANG_WARN_DEPRECATED_OBJC_IMPLEMENTATIONS = YES;
				CLANG_WARN_DIRECT_OBJC_ISA_USAGE = YES_ERROR;
				CLANG_WARN_DOCUMENTATION_COMMENTS = YES;
				CLANG_WARN_EMPTY_BODY = YES;
				CLANG_WARN_ENUM_CONVERSION = YES;
				CLANG_WARN_INFINITE_RECURSION = YES;
				CLANG_WARN_INT_CONVERSION = YES;
				CLANG_WARN_NON_LITERAL_NULL_CONVERSION = YES;
				CLANG_WARN_OBJC_IMPLICIT_RETAIN_SELF = YES;
				CLANG_WARN_OBJC_LITERAL_CONVERSION = YES;
				CLANG_WARN_OBJC_ROOT_CLASS = YES_ERROR;
				CLANG_WARN_RANGE_LOOP_ANALYSIS = YES;
				CLANG_WARN_STRICT_PROTOTYPES = YES;
				CLANG_WARN_SUSPICIOUS_MOVE = YES;
				CLANG_WARN_UNGUARDED_AVAILABILITY = YES_AGGRESSIVE;
				CLANG_WARN_UNREACHABLE_CODE = YES;
				CLANG_WARN__DUPLICATE_METHOD_MATCH = YES;
				COPY_PHASE_STRIP = NO;
				DEBUG_INFORMATION_FORMAT = "dwarf-with-dsym";
				ENABLE_NS_ASSERTIONS = NO;
				ENABLE_STRICT_OBJC_MSGSEND = YES;
				GCC_C_LANGUAGE_STANDARD = gnu11;
				GCC_NO_COMMON_BLOCKS = YES;
				GCC_WARN_64_TO_32_BIT_CONVERSION = YES;
				GCC_WARN_ABOUT_RETURN_TYPE = YES_ERROR;
				GCC_WARN_UNDECLARED_SELECTOR = YES;
				GCC_WARN_UNINITIALIZED_AUTOS = YES_AGGRESSIVE;
				GCC_WARN_UNUSED_FUNCTION = YES;
				GCC_WARN_UNUSED_VARIABLE = YES;
				IPHONEOS_DEPLOYMENT_TARGET = 13.2;
				MTL_ENABLE_DEBUG_INFO = NO;
				MTL_FAST_MATH = YES;
				SDKROOT = iphoneos;
				SWIFT_COMPILATION_MODE = wholemodule;
				SWIFT_OPTIMIZATION_LEVEL = "-O";
				VALIDATE_PRODUCT = YES;
			};
			name = Release;
		};
		6F953CD724044EFB00B92481 /* Debug */ = {
			isa = XCBuildConfiguration;
			buildSettings = {
				ASSETCATALOG_COMPILER_APPICON_NAME = AppIcon;
				CODE_SIGN_STYLE = Automatic;
				INFOPLIST_FILE = SktnProject/Info.plist;
				LD_RUNPATH_SEARCH_PATHS = (
					"$(inherited)",
					"@executable_path/Frameworks",
				);
				PRODUCT_BUNDLE_IDENTIFIER = com.melkerlilja.SktnProject;
				PRODUCT_NAME = "$(TARGET_NAME)";
				SWIFT_VERSION = 5.0;
				TARGETED_DEVICE_FAMILY = "1,2";
			};
			name = Debug;
		};
		6F953CD824044EFB00B92481 /* Release */ = {
			isa = XCBuildConfiguration;
			buildSettings = {
				ASSETCATALOG_COMPILER_APPICON_NAME = AppIcon;
				CODE_SIGN_STYLE = Automatic;
				INFOPLIST_FILE = SktnProject/Info.plist;
				LD_RUNPATH_SEARCH_PATHS = (
					"$(inherited)",
					"@executable_path/Frameworks",
				);
				PRODUCT_BUNDLE_IDENTIFIER = com.melkerlilja.SktnProject;
				PRODUCT_NAME = "$(TARGET_NAME)";
				SWIFT_VERSION = 5.0;
				TARGETED_DEVICE_FAMILY = "1,2";
			};
			name = Release;
		};
		6F953CDA24044EFB00B92481 /* Debug */ = {
			isa = XCBuildConfiguration;
			buildSettings = {
				ALWAYS_EMBED_SWIFT_STANDARD_LIBRARIES = YES;
				BUNDLE_LOADER = "$(TEST_HOST)";
				CODE_SIGN_STYLE = Automatic;
				INFOPLIST_FILE = SktnProjectTests/Info.plist;
				IPHONEOS_DEPLOYMENT_TARGET = 13.2;
				LD_RUNPATH_SEARCH_PATHS = (
					"$(inherited)",
					"@executable_path/Frameworks",
					"@loader_path/Frameworks",
				);
				PRODUCT_BUNDLE_IDENTIFIER = com.melkerlilja.SktnProjectTests;
				PRODUCT_NAME = "$(TARGET_NAME)";
				SWIFT_VERSION = 5.0;
				TARGETED_DEVICE_FAMILY = "1,2";
				TEST_HOST = "$(BUILT_PRODUCTS_DIR)/SktnProject.app/SktnProject";
			};
			name = Debug;
		};
		6F953CDB24044EFB00B92481 /* Release */ = {
			isa = XCBuildConfiguration;
			buildSettings = {
				ALWAYS_EMBED_SWIFT_STANDARD_LIBRARIES = YES;
				BUNDLE_LOADER = "$(TEST_HOST)";
				CODE_SIGN_STYLE = Automatic;
				INFOPLIST_FILE = SktnProjectTests/Info.plist;
				IPHONEOS_DEPLOYMENT_TARGET = 13.2;
				LD_RUNPATH_SEARCH_PATHS = (
					"$(inherited)",
					"@executable_path/Frameworks",
					"@loader_path/Frameworks",
				);
				PRODUCT_BUNDLE_IDENTIFIER = com.melkerlilja.SktnProjectTests;
				PRODUCT_NAME = "$(TARGET_NAME)";
				SWIFT_VERSION = 5.0;
				TARGETED_DEVICE_FAMILY = "1,2";
				TEST_HOST = "$(BUILT_PRODUCTS_DIR)/SktnProject.app/SktnProject";
			};
			name = Release;
		};
		6F953CDD24044EFB00B92481 /* Debug */ = {
			isa = XCBuildConfiguration;
			buildSettings = {
				ALWAYS_EMBED_SWIFT_STANDARD_LIBRARIES = YES;
				CODE_SIGN_STYLE = Automatic;
				INFOPLIST_FILE = SktnProjectUITests/Info.plist;
				LD_RUNPATH_SEARCH_PATHS = (
					"$(inherited)",
					"@executable_path/Frameworks",
					"@loader_path/Frameworks",
				);
				PRODUCT_BUNDLE_IDENTIFIER = com.melkerlilja.SktnProjectUITests;
				PRODUCT_NAME = "$(TARGET_NAME)";
				SWIFT_VERSION = 5.0;
				TARGETED_DEVICE_FAMILY = "1,2";
				TEST_TARGET_NAME = SktnProject;
			};
			name = Debug;
		};
		6F953CDE24044EFB00B92481 /* Release */ = {
			isa = XCBuildConfiguration;
			buildSettings = {
				ALWAYS_EMBED_SWIFT_STANDARD_LIBRARIES = YES;
				CODE_SIGN_STYLE = Automatic;
				INFOPLIST_FILE = SktnProjectUITests/Info.plist;
				LD_RUNPATH_SEARCH_PATHS = (
					"$(inherited)",
					"@executable_path/Frameworks",
					"@loader_path/Frameworks",
				);
				PRODUCT_BUNDLE_IDENTIFIER = com.melkerlilja.SktnProjectUITests;
				PRODUCT_NAME = "$(TARGET_NAME)";
				SWIFT_VERSION = 5.0;
				TARGETED_DEVICE_FAMILY = "1,2";
				TEST_TARGET_NAME = SktnProject;
			};
			name = Release;
		};
/* End XCBuildConfiguration section */

/* Begin XCConfigurationList section */
		6F953CA724044EF700B92481 /* Build configuration list for PBXProject "SktnProject" */ = {
			isa = XCConfigurationList;
			buildConfigurations = (
				6F953CD424044EFB00B92481 /* Debug */,
				6F953CD524044EFB00B92481 /* Release */,
			);
			defaultConfigurationIsVisible = 0;
			defaultConfigurationName = Release;
		};
		6F953CD624044EFB00B92481 /* Build configuration list for PBXNativeTarget "SktnProject" */ = {
			isa = XCConfigurationList;
			buildConfigurations = (
				6F953CD724044EFB00B92481 /* Debug */,
				6F953CD824044EFB00B92481 /* Release */,
			);
			defaultConfigurationIsVisible = 0;
			defaultConfigurationName = Release;
		};
		6F953CD924044EFB00B92481 /* Build configuration list for PBXNativeTarget "SktnProjectTests" */ = {
			isa = XCConfigurationList;
			buildConfigurations = (
				6F953CDA24044EFB00B92481 /* Debug */,
				6F953CDB24044EFB00B92481 /* Release */,
			);
			defaultConfigurationIsVisible = 0;
			defaultConfigurationName = Release;
		};
		6F953CDC24044EFB00B92481 /* Build configuration list for PBXNativeTarget "SktnProjectUITests" */ = {
			isa = XCConfigurationList;
			buildConfigurations = (
				6F953CDD24044EFB00B92481 /* Debug */,
				6F953CDE24044EFB00B92481 /* Release */,
			);
			defaultConfigurationIsVisible = 0;
			defaultConfigurationName = Release;
		};
/* End XCConfigurationList section */
	};
	rootObject = 6F953CA424044EF700B92481 /* Project object */;
}
